// !$*UTF8*$!
{
	archiveVersion = 1;
	classes = {
	};
	objectVersion = 46;
	objects = {

/* Begin PBXBuildFile section */
		7548B6071EF8832D000223EF /* AppDelegate.swift in Sources */ = {isa = PBXBuildFile; fileRef = 7548B6061EF8832D000223EF /* AppDelegate.swift */; };
		7548B6091EF8832D000223EF /* ViewController.swift in Sources */ = {isa = PBXBuildFile; fileRef = 7548B6081EF8832D000223EF /* ViewController.swift */; };
		7548B60C1EF8832D000223EF /* Main.storyboard in Resources */ = {isa = PBXBuildFile; fileRef = 7548B60A1EF8832D000223EF /* Main.storyboard */; };
		7548B60E1EF8832D000223EF /* Assets.xcassets in Resources */ = {isa = PBXBuildFile; fileRef = 7548B60D1EF8832D000223EF /* Assets.xcassets */; };
		7548B6111EF8832D000223EF /* LaunchScreen.storyboard in Resources */ = {isa = PBXBuildFile; fileRef = 7548B60F1EF8832D000223EF /* LaunchScreen.storyboard */; };
/* End PBXBuildFile section */

/* Begin PBXFileReference section */
		7548B6031EF8832D000223EF /* OneMovie.app */ = {isa = PBXFileReference; explicitFileType = wrapper.application; includeInIndex = 0; path = OneMovie.app; sourceTree = BUILT_PRODUCTS_DIR; };
		7548B6061EF8832D000223EF /* AppDelegate.swift */ = {isa = PBXFileReference; lastKnownFileType = sourcecode.swift; path = AppDelegate.swift; sourceTree = "<group>"; };
		7548B6081EF8832D000223EF /* ViewController.swift */ = {isa = PBXFileReference; lastKnownFileType = sourcecode.swift; path = ViewController.swift; sourceTree = "<group>"; };
		7548B60B1EF8832D000223EF /* Base */ = {isa = PBXFileReference; lastKnownFileType = file.storyboard; name = Base; path = Base.lproj/Main.storyboard; sourceTree = "<group>"; };
		7548B60D1EF8832D000223EF /* Assets.xcassets */ = {isa = PBXFileReference; lastKnownFileType = folder.assetcatalog; path = Assets.xcassets; sourceTree = "<group>"; };
		7548B6101EF8832D000223EF /* Base */ = {isa = PBXFileReference; lastKnownFileType = file.storyboard; name = Base; path = Base.lproj/LaunchScreen.storyboard; sourceTree = "<group>"; };
		7548B6121EF8832D000223EF /* Info.plist */ = {isa = PBXFileReference; lastKnownFileType = text.plist.xml; path = Info.plist; sourceTree = "<group>"; };
/* End PBXFileReference section */

/* Begin PBXFrameworksBuildPhase section */
		7548B6001EF8832D000223EF /* Frameworks */ = {
			isa = PBXFrameworksBuildPhase;
			buildActionMask = 2147483647;
			files = (
			);
			runOnlyForDeploymentPostprocessing = 0;
		};
/* End PBXFrameworksBuildPhase section */

/* Begin PBXGroup section */
		7548B5FA1EF8832D000223EF = {
			isa = PBXGroup;
			children = (
				7548B6051EF8832D000223EF /* OneMovie */,
				7548B6041EF8832D000223EF /* Products */,
			);
			sourceTree = "<group>";
		};
		7548B6041EF8832D000223EF /* Products */ = {
			isa = PBXGroup;
			children = (
				7548B6031EF8832D000223EF /* OneMovie.app */,
			);
			name = Products;
			sourceTree = "<group>";
		};
		7548B6051EF8832D000223EF /* OneMovie */ = {
			isa = PBXGroup;
			children = (
				7548B6061EF8832D000223EF /* AppDelegate.swift */,
				7548B6081EF8832D000223EF /* ViewController.swift */,
				7548B60A1EF8832D000223EF /* Main.storyboard */,
				7548B60D1EF8832D000223EF /* Assets.xcassets */,
				7548B60F1EF8832D000223EF /* LaunchScreen.storyboard */,
				7548B6121EF8832D000223EF /* Info.plist */,
			);
			path = OneMovie;
			sourceTree = "<group>";
		};
/* End PBXGroup section */

/* Begin PBXNativeTarget section */
		7548B6021EF8832D000223EF /* OneMovie */ = {
			isa = PBXNativeTarget;
			buildConfigurationList = 7548B6151EF8832D000223EF /* Build configuration list for PBXNativeTarget "OneMovie" */;
			buildPhases = (
				7548B5FF1EF8832D000223EF /* Sources */,
				7548B6001EF8832D000223EF /* Frameworks */,
				7548B6011EF8832D000223EF /* Resources */,
			);
			buildRules = (
			);
			dependencies = (
			);
			name = OneMovie;
			productName = OneMovie;
			productReference = 7548B6031EF8832D000223EF /* OneMovie.app */;
			productType = "com.apple.product-type.application";
		};
/* End PBXNativeTarget section */

/* Begin PBXProject section */
		7548B5FB1EF8832D000223EF /* Project object */ = {
			isa = PBXProject;
			attributes = {
				LastSwiftUpdateCheck = 0830;
				LastUpgradeCheck = 0830;
				ORGANIZATIONNAME = "Ahmet Celikbas";
				TargetAttributes = {
					7548B6021EF8832D000223EF = {
						CreatedOnToolsVersion = 8.3.3;
						DevelopmentTeam = SSASWVBETT;
						ProvisioningStyle = Automatic;
					};
				};
			};
			buildConfigurationList = 7548B5FE1EF8832D000223EF /* Build configuration list for PBXProject "OneMovie" */;
			compatibilityVersion = "Xcode 3.2";
			developmentRegion = English;
			hasScannedForEncodings = 0;
			knownRegions = (
				en,
				Base,
			);
			mainGroup = 7548B5FA1EF8832D000223EF;
			productRefGroup = 7548B6041EF8832D000223EF /* Products */;
			projectDirPath = "";
			projectRoot = "";
			targets = (
				7548B6021EF8832D000223EF /* OneMovie */,
			);
		};
/* End PBXProject section */

/* Begin PBXResourcesBuildPhase section */
		7548B6011EF8832D000223EF /* Resources */ = {
			isa = PBXResourcesBuildPhase;
			buildActionMask = 2147483647;
			files = (
				7548B6111EF8832D000223EF /* LaunchScreen.storyboard in Resources */,
				7548B60E1EF8832D000223EF /* Assets.xcassets in Resources */,
				7548B60C1EF8832D000223EF /* Main.storyboard in Resources */,
			);
			runOnlyForDeploymentPostprocessing = 0;
		};
/* End PBXResourcesBuildPhase section */

/* Begin PBXSourcesBuildPhase section */
		7548B5FF1EF8832D000223EF /* Sources */ = {
			isa = PBXSourcesBuildPhase;
			buildActionMask = 2147483647;
			files = (
				7548B6091EF8832D000223EF /* ViewController.swift in Sources */,
				7548B6071EF8832D000223EF /* AppDelegate.swift in Sources */,
			);
			runOnlyForDeploymentPostprocessing = 0;
		};
/* End PBXSourcesBuildPhase section */

/* Begin PBXVariantGroup section */
		7548B60A1EF8832D000223EF /* Main.storyboard */ = {
			isa = PBXVariantGroup;
			children = (
				7548B60B1EF8832D000223EF /* Base */,
			);
			name = Main.storyboard;
			sourceTree = "<group>";
		};
		7548B60F1EF8832D000223EF /* LaunchScreen.storyboard */ = {
			isa = PBXVariantGroup;
			children = (
				7548B6101EF8832D000223EF /* Base */,
			);
			name = LaunchScreen.storyboard;
			sourceTree = "<group>";
		};
/* End PBXVariantGroup section */

/* Begin XCBuildConfiguration section */
		7548B6131EF8832D000223EF /* Debug */ = {
			isa = XCBuildConfiguration;
			buildSettings = {
				ALWAYS_SEARCH_USER_PATHS = NO;
				CLANG_ANALYZER_NONNULL = YES;
				CLANG_ANALYZER_NUMBER_OBJECT_CONVERSION = YES_AGGRESSIVE;
				CLANG_CXX_LANGUAGE_STANDARD = "gnu++0x";
				CLANG_CXX_LIBRARY = "libc++";
				CLANG_ENABLE_MODULES = YES;
				CLANG_ENABLE_OBJC_ARC = YES;
				CLANG_WARN_BOOL_CONVERSION = YES;
				CLANG_WARN_CONSTANT_CONVERSION = YES;
				CLANG_WARN_DIRECT_OBJC_ISA_USAGE = YES_ERROR;
				CLANG_WARN_DOCUMENTATION_COMMENTS = YES;
				CLANG_WARN_EMPTY_BODY = YES;
				CLANG_WARN_ENUM_CONVERSION = YES;
				CLANG_WARN_INFINITE_RECURSION = YES;
				CLANG_WARN_INT_CONVERSION = YES;
				CLANG_WARN_OBJC_ROOT_CLASS = YES_ERROR;
				CLANG_WARN_SUSPICIOUS_MOVE = YES;
				CLANG_WARN_UNREACHABLE_CODE = YES;
				CLANG_WARN__DUPLICATE_METHOD_MATCH = YES;
				"CODE_SIGN_IDENTITY[sdk=iphoneos*]" = "iPhone Developer";
				COPY_PHASE_STRIP = NO;
				DEBUG_INFORMATION_FORMAT = dwarf;
				ENABLE_STRICT_OBJC_MSGSEND = YES;
				ENABLE_TESTABILITY = YES;
				GCC_C_LANGUAGE_STANDARD = gnu99;
				GCC_DYNAMIC_NO_PIC = NO;
				GCC_NO_COMMON_BLOCKS = YES;
				GCC_OPTIMIZATION_LEVEL = 0;
				GCC_PREPROCESSOR_DEFINITIONS = (
					"DEBUG=1",
					"$(inherited)",
				);
				GCC_WARN_64_TO_32_BIT_CONVERSION = YES;
				GCC_WARN_ABOUT_RETURN_TYPE = YES_ERROR;
				GCC_WARN_UNDECLARED_SELECTOR = YES;
				GCC_WARN_UNINITIALIZED_AUTOS = YES_AGGRESSIVE;
				GCC_WARN_UNUSED_FUNCTION = YES;
				GCC_WARN_UNUSED_VARIABLE = YES;
				IPHONEOS_DEPLOYMENT_TARGET = 10.3;
				MTL_ENABLE_DEBUG_INFO = YES;
				ONLY_ACTIVE_ARCH = YES;
				SDKROOT = iphoneos;
				SWIFT_ACTIVE_COMPILATION_CONDITIONS = DEBUG;
				SWIFT_OPTIMIZATION_LEVEL = "-Onone";
				TARGETED_DEVICE_FAMILY = "1,2";
			};
			name = Debug;
		};
		7548B6141EF8832D000223EF /* Release */ = {
			isa = XCBuildConfiguration;
			buildSettings = {
				ALWAYS_SEARCH_USER_PATHS = NO;
				CLANG_ANALYZER_NONNULL = YES;
				CLANG_ANALYZER_NUMBER_OBJECT_CONVERSION = YES_AGGRESSIVE;
				CLANG_CXX_LANGUAGE_STANDARD = "gnu++0x";
				CLANG_CXX_LIBRARY = "libc++";
				CLANG_ENABLE_MODULES = YES;
				CLANG_ENABLE_OBJC_ARC = YES;
				CLANG_WARN_BOOL_CONVERSION = YES;
				CLANG_WARN_CONSTANT_CONVERSION = YES;
				CLANG_WARN_DIRECT_OBJC_ISA_USAGE = YES_ERROR;
				CLANG_WARN_DOCUMENTATION_COMMENTS = YES;
				CLANG_WARN_EMPTY_BODY = YES;
				CLANG_WARN_ENUM_CONVERSION = YES;
				CLANG_WARN_INFINITE_RECURSION = YES;
				CLANG_WARN_INT_CONVERSION = YES;
				CLANG_WARN_OBJC_ROOT_CLASS = YES_ERROR;
				CLANG_WARN_SUSPICIOUS_MOVE = YES;
				CLANG_WARN_UNREACHABLE_CODE = YES;
				CLANG_WARN__DUPLICATE_METHOD_MATCH = YES;
				"CODE_SIGN_IDENTITY[sdk=iphoneos*]" = "iPhone Developer";
				COPY_PHASE_STRIP = NO;
				DEBUG_INFORMATION_FORMAT = "dwarf-with-dsym";
				ENABLE_NS_ASSERTIONS = NO;
				ENABLE_STRICT_OBJC_MSGSEND = YES;
				GCC_C_LANGUAGE_STANDARD = gnu99;
				GCC_NO_COMMON_BLOCKS = YES;
				GCC_WARN_64_TO_32_BIT_CONVERSION = YES;
				GCC_WARN_ABOUT_RETURN_TYPE = YES_ERROR;
				GCC_WARN_UNDECLARED_SELECTOR = YES;
				GCC_WARN_UNINITIALIZED_AUTOS = YES_AGGRESSIVE;
				GCC_WARN_UNUSED_FUNCTION = YES;
				GCC_WARN_UNUSED_VARIABLE = YES;
				IPHONEOS_DEPLOYMENT_TARGET = 10.3;
				MTL_ENABLE_DEBUG_INFO = NO;
				SDKROOT = iphoneos;
				SWIFT_OPTIMIZATION_LEVEL = "-Owholemodule";
				TARGETED_DEVICE_FAMILY = "1,2";
				VALIDATE_PRODUCT = YES;
			};
			name = Release;
		};
		7548B6161EF8832D000223EF /* Debug */ = {
			isa = XCBuildConfiguration;
			buildSettings = {
				ASSETCATALOG_COMPILER_APPICON_NAME = AppIcon;
				DEVELOPMENT_TEAM = SSASWVBETT;
				INFOPLIST_FILE = OneMovie/Info.plist;
				IPHONEOS_DEPLOYMENT_TARGET = 10.0;
				LD_RUNPATH_SEARCH_PATHS = "$(inherited) @executable_path/Frameworks";
				PRODUCT_BUNDLE_IDENTIFIER = ahmetcelikbas.OneMovie;
				PRODUCT_NAME = "$(TARGET_NAME)";
				SWIFT_VERSION = 3.0;
			};
			name = Debug;
		};
		7548B6171EF8832D000223EF /* Release */ = {
			isa = XCBuildConfiguration;
			buildSettings = {
				ASSETCATALOG_COMPILER_APPICON_NAME = AppIcon;
				DEVELOPMENT_TEAM = SSASWVBETT;
				INFOPLIST_FILE = OneMovie/Info.plist;
				IPHONEOS_DEPLOYMENT_TARGET = 10.0;
				LD_RUNPATH_SEARCH_PATHS = "$(inherited) @executable_path/Frameworks";
				PRODUCT_BUNDLE_IDENTIFIER = ahmetcelikbas.OneMovie;
				PRODUCT_NAME = "$(TARGET_NAME)";
				SWIFT_VERSION = 3.0;
			};
			name = Release;
		};
/* End XCBuildConfiguration section */

/* Begin XCConfigurationList section */
		7548B5FE1EF8832D000223EF /* Build configuration list for PBXProject "OneMovie" */ = {
			isa = XCConfigurationList;
			buildConfigurations = (
				7548B6131EF8832D000223EF /* Debug */,
				7548B6141EF8832D000223EF /* Release */,
			);
			defaultConfigurationIsVisible = 0;
			defaultConfigurationName = Release;
		};
		7548B6151EF8832D000223EF /* Build configuration list for PBXNativeTarget "OneMovie" */ = {
			isa = XCConfigurationList;
			buildConfigurations = (
				7548B6161EF8832D000223EF /* Debug */,
				7548B6171EF8832D000223EF /* Release */,
			);
			defaultConfigurationIsVisible = 0;
			defaultConfigurationName = Release;
		};
/* End XCConfigurationList section */
	};
	rootObject = 7548B5FB1EF8832D000223EF /* Project object */;
}
